
Microsoft Visual Studio Solution File, Format Version 12.00
# Visual Studio Version 17
VisualStudioVersion = 17.9.34723.18
MinimumVisualStudioVersion = 10.0.40219.1
Project("{FAE04EC0-301F-11D3-BF4B-00C04F79EFBC}") = "AI_String_methods", "AI_String_methods\AI_String_methods.csproj", "{635A6174-4295-4F48-8869-CACFE4EC4115}"
EndProject
Global
	GlobalSection(SolutionConfigurationPlatforms) = preSolution
		Debug|Any CPU = Debug|Any CPU
		Release|Any CPU = Release|Any CPU
	EndGlobalSection
	GlobalSection(ProjectConfigurationPlatforms) = postSolution
		{635A6174-4295-4F48-8869-CACFE4EC4115}.Debug|Any CPU.ActiveCfg = Debug|Any CPU
		{635A6174-4295-4F48-8869-CACFE4EC4115}.Debug|Any CPU.Build.0 = Debug|Any CPU
		{635A6174-4295-4F48-8869-CACFE4EC4115}.Release|Any CPU.ActiveCfg = Release|Any CPU
		{635A6174-4295-4F48-8869-CACFE4EC4115}.Release|Any CPU.Build.0 = Release|Any CPU
	EndGlobalSection
	GlobalSection(SolutionProperties) = preSolution
		HideSolutionNode = FALSE
	EndGlobalSection
	GlobalSection(ExtensibilityGlobals) = postSolution
		SolutionGuid = {24E20611-3948-471C-AE9D-5E077D877895}
	EndGlobalSection
EndGlobal
