
Microsoft Visual Studio Solution File, Format Version 12.00
# Visual Studio Version 17
VisualStudioVersion = 17.9.34723.18
MinimumVisualStudioVersion = 10.0.40219.1
Project("{FAE04EC0-301F-11D3-BF4B-00C04F79EFBC}") = "Calculator_program", "Calculator_program\Calculator_program.csproj", "{6CD74D30-11C1-4AE3-ACC3-FD9579CC4B8B}"
EndProject
Global
	GlobalSection(SolutionConfigurationPlatforms) = preSolution
		Debug|Any CPU = Debug|Any CPU
		Release|Any CPU = Release|Any CPU
	EndGlobalSection
	GlobalSection(ProjectConfigurationPlatforms) = postSolution
		{6CD74D30-11C1-4AE3-ACC3-FD9579CC4B8B}.Debug|Any CPU.ActiveCfg = Debug|Any CPU
		{6CD74D30-11C1-4AE3-ACC3-FD9579CC4B8B}.Debug|Any CPU.Build.0 = Debug|Any CPU
		{6CD74D30-11C1-4AE3-ACC3-FD9579CC4B8B}.Release|Any CPU.ActiveCfg = Release|Any CPU
		{6CD74D30-11C1-4AE3-ACC3-FD9579CC4B8B}.Release|Any CPU.Build.0 = Release|Any CPU
	EndGlobalSection
	GlobalSection(SolutionProperties) = preSolution
		HideSolutionNode = FALSE
	EndGlobalSection
	GlobalSection(ExtensibilityGlobals) = postSolution
		SolutionGuid = {82FA3C04-9752-49A7-B9BF-58E378D590F9}
	EndGlobalSection
EndGlobal
